
Microsoft Visual Studio Solution File, Format Version 12.00
# Visual Studio Version 17
VisualStudioVersion = 17.9.34723.18
MinimumVisualStudioVersion = 10.0.40219.1
Project("{FAE04EC0-301F-11D3-BF4B-00C04F79EFBC}") = "Test process", "Test process.csproj", "{9AF45D6F-FD97-45C2-8C68-C6C95AF43861}"
EndProject
Global
	GlobalSection(SolutionConfigurationPlatforms) = preSolution
		Debug|Any CPU = Debug|Any CPU
		Release|Any CPU = Release|Any CPU
	EndGlobalSection
	GlobalSection(ProjectConfigurationPlatforms) = postSolution
		{9AF45D6F-FD97-45C2-8C68-C6C95AF43861}.Debug|Any CPU.ActiveCfg = Debug|Any CPU
		{9AF45D6F-FD97-45C2-8C68-C6C95AF43861}.Debug|Any CPU.Build.0 = Debug|Any CPU
		{9AF45D6F-FD97-45C2-8C68-C6C95AF43861}.Release|Any CPU.ActiveCfg = Release|Any CPU
		{9AF45D6F-FD97-45C2-8C68-C6C95AF43861}.Release|Any CPU.Build.0 = Release|Any CPU
	EndGlobalSection
	GlobalSection(SolutionProperties) = preSolution
		HideSolutionNode = FALSE
	EndGlobalSection
	GlobalSection(ExtensibilityGlobals) = postSolution
		SolutionGuid = {8BAA75B6-1744-4E9A-AB93-D95E7FA5FC74}
	EndGlobalSection
EndGlobal
