
Microsoft Visual Studio Solution File, Format Version 12.00
# Visual Studio Version 17
VisualStudioVersion = 17.9.34723.18
MinimumVisualStudioVersion = 10.0.40219.1
Project("{FAE04EC0-301F-11D3-BF4B-00C04F79EFBC}") = "LEKTION_SUT24_Malin", "LEKTION_SUT24_Malin.csproj", "{F5791A63-89F4-4A5C-ADD5-6F48E786624B}"
EndProject
Global
	GlobalSection(SolutionConfigurationPlatforms) = preSolution
		Debug|Any CPU = Debug|Any CPU
		Release|Any CPU = Release|Any CPU
	EndGlobalSection
	GlobalSection(ProjectConfigurationPlatforms) = postSolution
		{F5791A63-89F4-4A5C-ADD5-6F48E786624B}.Debug|Any CPU.ActiveCfg = Debug|Any CPU
		{F5791A63-89F4-4A5C-ADD5-6F48E786624B}.Debug|Any CPU.Build.0 = Debug|Any CPU
		{F5791A63-89F4-4A5C-ADD5-6F48E786624B}.Release|Any CPU.ActiveCfg = Release|Any CPU
		{F5791A63-89F4-4A5C-ADD5-6F48E786624B}.Release|Any CPU.Build.0 = Release|Any CPU
	EndGlobalSection
	GlobalSection(SolutionProperties) = preSolution
		HideSolutionNode = FALSE
	EndGlobalSection
	GlobalSection(ExtensibilityGlobals) = postSolution
		SolutionGuid = {DC5715BB-6EBE-4961-92D8-6E14AC2C4926}
	EndGlobalSection
EndGlobal
